
Microsoft Visual Studio Solution File, Format Version 12.00
# Visual Studio Version 16
VisualStudioVersion = 16.0.30114.105
MinimumVisualStudioVersion = 10.0.40219.1
Project("{9A19103F-16F7-4668-BE54-9A1E7A4F7556}") = "TaskQueue.Authentication.DAO", "TaskQueue.Authentication.DAO\TaskQueue.Authentication.DAO.csproj", "{9FA4F525-2F15-44F9-BFB0-AD1204CD57F4}"
EndProject
Project("{9A19103F-16F7-4668-BE54-9A1E7A4F7556}") = "TaskQueue.Authentication.Cryptography", "TaskQueue.Authentication.Cryptography\TaskQueue.Authentication.Cryptography.csproj", "{A93D06E4-DF2F-4E45-AF92-719CD8A8ED5C}"
EndProject
Project("{9A19103F-16F7-4668-BE54-9A1E7A4F7556}") = "TaskQueue.Authentication.API", "TaskQueue.Authentication.API\TaskQueue.Authentication.API.csproj", "{DC6EC2BB-2346-4BA0-A910-01922093FA79}"
EndProject
Global
	GlobalSection(SolutionConfigurationPlatforms) = preSolution
		Debug|Any CPU = Debug|Any CPU
		Release|Any CPU = Release|Any CPU
	EndGlobalSection
	GlobalSection(ProjectConfigurationPlatforms) = postSolution
		{9FA4F525-2F15-44F9-BFB0-AD1204CD57F4}.Debug|Any CPU.ActiveCfg = Debug|Any CPU
		{9FA4F525-2F15-44F9-BFB0-AD1204CD57F4}.Debug|Any CPU.Build.0 = Debug|Any CPU
		{9FA4F525-2F15-44F9-BFB0-AD1204CD57F4}.Release|Any CPU.ActiveCfg = Release|Any CPU
		{9FA4F525-2F15-44F9-BFB0-AD1204CD57F4}.Release|Any CPU.Build.0 = Release|Any CPU
		{A93D06E4-DF2F-4E45-AF92-719CD8A8ED5C}.Debug|Any CPU.ActiveCfg = Debug|Any CPU
		{A93D06E4-DF2F-4E45-AF92-719CD8A8ED5C}.Debug|Any CPU.Build.0 = Debug|Any CPU
		{A93D06E4-DF2F-4E45-AF92-719CD8A8ED5C}.Release|Any CPU.ActiveCfg = Release|Any CPU
		{A93D06E4-DF2F-4E45-AF92-719CD8A8ED5C}.Release|Any CPU.Build.0 = Release|Any CPU
		{DC6EC2BB-2346-4BA0-A910-01922093FA79}.Debug|Any CPU.ActiveCfg = Debug|Any CPU
		{DC6EC2BB-2346-4BA0-A910-01922093FA79}.Debug|Any CPU.Build.0 = Debug|Any CPU
		{DC6EC2BB-2346-4BA0-A910-01922093FA79}.Release|Any CPU.ActiveCfg = Release|Any CPU
		{DC6EC2BB-2346-4BA0-A910-01922093FA79}.Release|Any CPU.Build.0 = Release|Any CPU
	EndGlobalSection
	GlobalSection(SolutionProperties) = preSolution
		HideSolutionNode = FALSE
	EndGlobalSection
	GlobalSection(ExtensibilityGlobals) = postSolution
		SolutionGuid = {A80583E9-A552-4BBF-BF32-15896D49DBBA}
	EndGlobalSection
EndGlobal
